# generated by rye
# use `rye lock` or `rye sync` to update this lockfile
#
# last locked with the following flags:
#   pre: false
#   features: []
#   all-features: false
#   with-sources: false
#   generate-hashes: false

-e file:.
biopython==1.83
    # via genebreaker
blinker==1.8.2
    # via flask
certifi==2024.7.4
    # via requests
charset-normalizer==3.3.2
    # via requests
click==8.1.7
    # via flask
configparser==7.0.0
    # via genebreaker
datetime==4.3
    # via genebreaker
deprecated==1.2.14
    # via limits
flask==3.0.3
    # via flask-cors
    # via flask-limiter
    # via genebreaker
flask-cors==4.0.1
    # via genebreaker
flask-limiter==3.8.0
    # via genebreaker
idna==3.7
    # via requests
importlib-metadata==8.2.0
    # via flask
importlib-resources==6.4.0
    # via limits
itsdangerous==2.2.0
    # via flask
jinja2==3.1.4
    # via flask
limits==3.13.0
    # via flask-limiter
lxml==4.9.4
    # via genebreaker
markdown-it-py==3.0.0
    # via rich
markupsafe==2.1.5
    # via jinja2
    # via werkzeug
mdurl==0.1.2
    # via markdown-it-py
numpy==1.24.4
    # via biopython
ordered-set==4.1.0
    # via flask-limiter
packaging==24.1
    # via limits
pygments==2.18.0
    # via rich
pytz==2024.1
    # via datetime
requests==2.32.3
    # via genebreaker
rich==13.7.1
    # via flask-limiter
setuptools==72.2.0
    # via genebreaker
    # via zope-interface
typing-extensions==4.12.2
    # via flask-limiter
    # via limits
    # via rich
urllib3==2.2.2
    # via requests
werkzeug==3.0.3
    # via flask
    # via genebreaker
wrapt==1.16.0
    # via deprecated
zipp==3.20.0
    # via importlib-metadata
    # via importlib-resources
zope-interface==7.0.1
    # via datetime
